// !$*UTF8*$!
{
	archiveVersion = 1;
	classes = {
	};
	objectVersion = 50;
	objects = {

/* Begin PBXBuildFile section */
		4D7027663055B850C09CDEA2 /* Pods_PolenApp.framework in Frameworks */ = {isa = PBXBuildFile; fileRef = C07F438E3FDFEBD346B7B82F /* Pods_PolenApp.framework */; };
		5A714D072578F9C80002A3A7 /* CardViewFavoritos.swift in Sources */ = {isa = PBXBuildFile; fileRef = 5A714D062578F9C80002A3A7 /* CardViewFavoritos.swift */; };
		648B5423DA6CF957E8336241 /* Pods_PolenAppTests.framework in Frameworks */ = {isa = PBXBuildFile; fileRef = 2417BF2CAAE596DB790A20BA /* Pods_PolenAppTests.framework */; };
		8626A1982579165700A42BA4 /* ImagePickerView.swift in Sources */ = {isa = PBXBuildFile; fileRef = 8626A1972579165700A42BA4 /* ImagePickerView.swift */; };
		8626A1AF2579A83E00A42BA4 /* EditHistoriaCard.swift in Sources */ = {isa = PBXBuildFile; fileRef = 8626A1AE2579A83E00A42BA4 /* EditHistoriaCard.swift */; };
		8626A1B4257D4A1700A42BA4 /* EditColaboreCard.swift in Sources */ = {isa = PBXBuildFile; fileRef = 8626A1B3257D4A1700A42BA4 /* EditColaboreCard.swift */; };
		8626A1B9257D4B2600A42BA4 /* EditButtonView2.swift in Sources */ = {isa = PBXBuildFile; fileRef = 8626A1B8257D4B2600A42BA4 /* EditButtonView2.swift */; };
		869D49BC256FD604004B1AC1 /* DuplaBotoes.swift in Sources */ = {isa = PBXBuildFile; fileRef = 869D49BB256FD604004B1AC1 /* DuplaBotoes.swift */; };
		869D49C1256FD67F004B1AC1 /* ColaboreView.swift in Sources */ = {isa = PBXBuildFile; fileRef = 869D49C0256FD67F004B1AC1 /* ColaboreView.swift */; };
		869D49C6256FD6CB004B1AC1 /* HistoriasView.swift in Sources */ = {isa = PBXBuildFile; fileRef = 869D49C5256FD6CB004B1AC1 /* HistoriasView.swift */; };
		86F4C361256E8F4D00302AB5 /* BannerMeuMural.swift in Sources */ = {isa = PBXBuildFile; fileRef = 86F4C360256E8F4D00302AB5 /* BannerMeuMural.swift */; };
		AC0341D4257FA6F40056317C /* RecursosView.swift in Sources */ = {isa = PBXBuildFile; fileRef = AC0341D3257FA6F40056317C /* RecursosView.swift */; };
		AC499416256D5149000350C8 /* MapView.swift in Sources */ = {isa = PBXBuildFile; fileRef = AC499415256D5149000350C8 /* MapView.swift */; };
		AC49941E256D5175000350C8 /* SearchBarMap.swift in Sources */ = {isa = PBXBuildFile; fileRef = AC49941D256D5175000350C8 /* SearchBarMap.swift */; };
		AC499427256D51DA000350C8 /* LocationManager.swift in Sources */ = {isa = PBXBuildFile; fileRef = AC499426256D51DA000350C8 /* LocationManager.swift */; };
		AC49942C256D5207000350C8 /* Checkpoint.swift in Sources */ = {isa = PBXBuildFile; fileRef = AC49942B256D5207000350C8 /* Checkpoint.swift */; };
		AC499431256D525B000350C8 /* Coordinator.swift in Sources */ = {isa = PBXBuildFile; fileRef = AC499430256D525B000350C8 /* Coordinator.swift */; };
		AC499437256D556B000350C8 /* BancoInstituicoes.swift in Sources */ = {isa = PBXBuildFile; fileRef = AC499436256D556B000350C8 /* BancoInstituicoes.swift */; };
		ACC56A6A2575C2F600BE35C3 /* OnboardingView1.swift in Sources */ = {isa = PBXBuildFile; fileRef = ACC56A692575C2F600BE35C3 /* OnboardingView1.swift */; };
		ACC56A722575C37E00BE35C3 /* OnboardingView2.swift in Sources */ = {isa = PBXBuildFile; fileRef = ACC56A712575C37E00BE35C3 /* OnboardingView2.swift */; };
		ACC56A772575C38800BE35C3 /* OnboardingView3.swift in Sources */ = {isa = PBXBuildFile; fileRef = ACC56A762575C38800BE35C3 /* OnboardingView3.swift */; };
		ACC56A7C2575D96700BE35C3 /* OnboardsView.swift in Sources */ = {isa = PBXBuildFile; fileRef = ACC56A7B2575D96700BE35C3 /* OnboardsView.swift */; };
		ACC56A812575D9BB00BE35C3 /* ContainersView.swift in Sources */ = {isa = PBXBuildFile; fileRef = ACC56A802575D9BB00BE35C3 /* ContainersView.swift */; };
		ACC56A862575DE8B00BE35C3 /* OnboardingPageControl.swift in Sources */ = {isa = PBXBuildFile; fileRef = ACC56A852575DE8B00BE35C3 /* OnboardingPageControl.swift */; };
		ACC56A8B2575DEFF00BE35C3 /* OnboardingPageViewController.swift in Sources */ = {isa = PBXBuildFile; fileRef = ACC56A8A2575DEFF00BE35C3 /* OnboardingPageViewController.swift */; };
		ACFC5E78257911C900881712 /* TabBarView.swift in Sources */ = {isa = PBXBuildFile; fileRef = ACFC5E77257911C900881712 /* TabBarView.swift */; };
		B41293C5256BF08C00DBF26B /* AddHistoriaCard.swift in Sources */ = {isa = PBXBuildFile; fileRef = B41293C4256BF08C00DBF26B /* AddHistoriaCard.swift */; };
		B422959F2579752A00869C24 /* CadastroView1.swift in Sources */ = {isa = PBXBuildFile; fileRef = B422959E2579752A00869C24 /* CadastroView1.swift */; };
		B42295A72579CEF000869C24 /* FetchCloudData.swift in Sources */ = {isa = PBXBuildFile; fileRef = B42295A62579CEF000869C24 /* FetchCloudData.swift */; };
		B42F76EA257C222E007C6BAF /* LinkToMeuMural.swift in Sources */ = {isa = PBXBuildFile; fileRef = B42F76E9257C222E007C6BAF /* LinkToMeuMural.swift */; };
		B45F68EF257FC633006302A9 /* temporario.swift in Sources */ = {isa = PBXBuildFile; fileRef = B45F68EE257FC633006302A9 /* temporario.swift */; };
		B45F69082581A5E7006302A9 /* InstituicaoResume.swift in Sources */ = {isa = PBXBuildFile; fileRef = B45F69072581A5E7006302A9 /* InstituicaoResume.swift */; };
		B45F690D2581A994006302A9 /* BannerMuralDaInstituicao.swift in Sources */ = {isa = PBXBuildFile; fileRef = B45F690C2581A994006302A9 /* BannerMuralDaInstituicao.swift */; };
		B4799A1125682821003A047F /* VerMaisView.swift in Sources */ = {isa = PBXBuildFile; fileRef = B4799A1025682821003A047F /* VerMaisView.swift */; };
		B4799A1925682895003A047F /* Colabore.swift in Sources */ = {isa = PBXBuildFile; fileRef = B4799A1825682895003A047F /* Colabore.swift */; };
		B4799A21256828F6003A047F /* SobreNos.swift in Sources */ = {isa = PBXBuildFile; fileRef = B4799A20256828F6003A047F /* SobreNos.swift */; };
		B47B7FC9257C74B400E5C0B7 /* PolenApp.xcdatamodeld in Sources */ = {isa = PBXBuildFile; fileRef = B47B7FC7257C74B300E5C0B7 /* PolenApp.xcdatamodeld */; };
		B47B7FD6257C74FB00E5C0B7 /* HistoriasCard+CoreDataClass.swift in Sources */ = {isa = PBXBuildFile; fileRef = B47B7FD0257C74FB00E5C0B7 /* HistoriasCard+CoreDataClass.swift */; };
		B47B7FD7257C74FB00E5C0B7 /* HistoriasCard+CoreDataProperties.swift in Sources */ = {isa = PBXBuildFile; fileRef = B47B7FD1257C74FB00E5C0B7 /* HistoriasCard+CoreDataProperties.swift */; };
		B47B7FD8257C74FB00E5C0B7 /* Instituicao+CoreDataClass.swift in Sources */ = {isa = PBXBuildFile; fileRef = B47B7FD2257C74FB00E5C0B7 /* Instituicao+CoreDataClass.swift */; };
		B47B7FD9257C74FB00E5C0B7 /* Instituicao+CoreDataProperties.swift in Sources */ = {isa = PBXBuildFile; fileRef = B47B7FD3257C74FB00E5C0B7 /* Instituicao+CoreDataProperties.swift */; };
		B47B7FDA257C74FB00E5C0B7 /* ColaboreCard+CoreDataClass.swift in Sources */ = {isa = PBXBuildFile; fileRef = B47B7FD4257C74FB00E5C0B7 /* ColaboreCard+CoreDataClass.swift */; };
		B47B7FDB257C74FB00E5C0B7 /* ColaboreCard+CoreDataProperties.swift in Sources */ = {isa = PBXBuildFile; fileRef = B47B7FD5257C74FB00E5C0B7 /* ColaboreCard+CoreDataProperties.swift */; };
		B49BC0402578091600952217 /* CloudKit.framework in Frameworks */ = {isa = PBXBuildFile; fileRef = B49BC03F2578091600952217 /* CloudKit.framework */; };
		B4B55F77257528B000075164 /* AddColaboreCard.swift in Sources */ = {isa = PBXBuildFile; fileRef = B4B55F76257528B000075164 /* AddColaboreCard.swift */; };
		B4B55F7F25752D5000075164 /* ColaboreMeuMuralView.swift in Sources */ = {isa = PBXBuildFile; fileRef = B4B55F7E25752D5000075164 /* ColaboreMeuMuralView.swift */; };
		B4B55F8425752D6500075164 /* HistoriasMeuMuralView.swift in Sources */ = {isa = PBXBuildFile; fileRef = B4B55F8325752D6500075164 /* HistoriasMeuMuralView.swift */; };
		B4B55F8C2575583200075164 /* LinkToAddHistoriaCard.swift in Sources */ = {isa = PBXBuildFile; fileRef = B4B55F8B2575583200075164 /* LinkToAddHistoriaCard.swift */; };
		B4B55FA325755A9500075164 /* AddButtonView.swift in Sources */ = {isa = PBXBuildFile; fileRef = B4B55FA225755A9500075164 /* AddButtonView.swift */; };
		B4E2357A25755BDD00C412D5 /* LinkToAddColaboreCard.swift in Sources */ = {isa = PBXBuildFile; fileRef = B4E2357925755BDD00C412D5 /* LinkToAddColaboreCard.swift */; };
		B4E2359125755D0200C412D5 /* CustomTextView.swift in Sources */ = {isa = PBXBuildFile; fileRef = B4E2359025755D0200C412D5 /* CustomTextView.swift */; };
		B4E2359625755DC200C412D5 /* EditButtonView.swift in Sources */ = {isa = PBXBuildFile; fileRef = B4E2359525755DC200C412D5 /* EditButtonView.swift */; };
		B4E2359B2575631E00C412D5 /* VerMaisButton.swift in Sources */ = {isa = PBXBuildFile; fileRef = B4E2359A2575631E00C412D5 /* VerMaisButton.swift */; };
		B4E235A32575687B00C412D5 /* AddCardInfos.swift in Sources */ = {isa = PBXBuildFile; fileRef = B4E235A22575687B00C412D5 /* AddCardInfos.swift */; };
		B4E235B42575E5B200C412D5 /* LinkToMuralDaInstituicao.swift in Sources */ = {isa = PBXBuildFile; fileRef = B4E235B32575E5B200C412D5 /* LinkToMuralDaInstituicao.swift */; };
		B4E235B92575E64E00C412D5 /* LinkToLogin.swift in Sources */ = {isa = PBXBuildFile; fileRef = B4E235B82575E64E00C412D5 /* LinkToLogin.swift */; };
		B4EDB49725826CD80099D927 /* HistoriasResume.swift in Sources */ = {isa = PBXBuildFile; fileRef = B4EDB49625826CD80099D927 /* HistoriasResume.swift */; };
		B4EDB4A32582751E0099D927 /* VerMaisButtonCloudkit.swift in Sources */ = {isa = PBXBuildFile; fileRef = B4EDB4A22582751E0099D927 /* VerMaisButtonCloudkit.swift */; };
		B4EDB4AB2582770A0099D927 /* VerMaisViewCloudkit.swift in Sources */ = {isa = PBXBuildFile; fileRef = B4EDB4AA2582770A0099D927 /* VerMaisViewCloudkit.swift */; };
		B4FA7FF5257D39BF00E8B56B /* CadastroView2.swift in Sources */ = {isa = PBXBuildFile; fileRef = B4FA7FF4257D39BF00E8B56B /* CadastroView2.swift */; };
		B4FA7FFD257D39D200E8B56B /* CadastroView3.swift in Sources */ = {isa = PBXBuildFile; fileRef = B4FA7FFC257D39D200E8B56B /* CadastroView3.swift */; };
		B4FA8009257D710000E8B56B /* InitialNavigationController.swift in Sources */ = {isa = PBXBuildFile; fileRef = B4FA8008257D710000E8B56B /* InitialNavigationController.swift */; };
		BFBE53360B2757C986EB190A /* Pods_PolenApp_PolenAppUITests.framework in Frameworks */ = {isa = PBXBuildFile; fileRef = 416CB25BEBD4BC7C8254C560 /* Pods_PolenApp_PolenAppUITests.framework */; };
		ED0CF9E5257A81B3007C69E0 /* CardViewRecursos.swift in Sources */ = {isa = PBXBuildFile; fileRef = ED0CF9E4257A81B3007C69E0 /* CardViewRecursos.swift */; };
		ED4161762562CA1B00AF5696 /* Onboarding.swift in Sources */ = {isa = PBXBuildFile; fileRef = ED4161752562CA1B00AF5696 /* Onboarding.swift */; };
		ED41617E2562CA2F00AF5696 /* Mapa.swift in Sources */ = {isa = PBXBuildFile; fileRef = ED41617D2562CA2F00AF5696 /* Mapa.swift */; };
		ED4161832562CA4700AF5696 /* MuralDaInstituicao.swift in Sources */ = {isa = PBXBuildFile; fileRef = ED4161822562CA4700AF5696 /* MuralDaInstituicao.swift */; };
		ED4161882562CA5900AF5696 /* Favoritos.swift in Sources */ = {isa = PBXBuildFile; fileRef = ED4161872562CA5900AF5696 /* Favoritos.swift */; };
		ED41618D2562CA6900AF5696 /* MeuMural.swift in Sources */ = {isa = PBXBuildFile; fileRef = ED41618C2562CA6900AF5696 /* MeuMural.swift */; };
		ED4161972562CA8F00AF5696 /* Ajuda.swift in Sources */ = {isa = PBXBuildFile; fileRef = ED4161962562CA8F00AF5696 /* Ajuda.swift */; };
		ED41619C2562CAAB00AF5696 /* Login.swift in Sources */ = {isa = PBXBuildFile; fileRef = ED41619B2562CAAB00AF5696 /* Login.swift */; };
		ED4161A12562CAB900AF5696 /* LoginView.swift in Sources */ = {isa = PBXBuildFile; fileRef = ED4161A02562CAB900AF5696 /* LoginView.swift */; };
		ED4161AE2562CB1400AF5696 /* CardAjuda.swift in Sources */ = {isa = PBXBuildFile; fileRef = ED4161AD2562CB1400AF5696 /* CardAjuda.swift */; };
		ED4161B32562CB2500AF5696 /* CardStory.swift in Sources */ = {isa = PBXBuildFile; fileRef = ED4161B22562CB2500AF5696 /* CardStory.swift */; };
		ED4161B82562CB3900AF5696 /* CardFavorito.swift in Sources */ = {isa = PBXBuildFile; fileRef = ED4161B72562CB3900AF5696 /* CardFavorito.swift */; };
		ED4161BD2562CB4E00AF5696 /* CardRecurso.swift in Sources */ = {isa = PBXBuildFile; fileRef = ED4161BC2562CB4E00AF5696 /* CardRecurso.swift */; };
		ED43D3412562C8B1009D1BA7 /* AppDelegate.swift in Sources */ = {isa = PBXBuildFile; fileRef = ED43D3402562C8B1009D1BA7 /* AppDelegate.swift */; };
		ED43D3432562C8B1009D1BA7 /* SceneDelegate.swift in Sources */ = {isa = PBXBuildFile; fileRef = ED43D3422562C8B1009D1BA7 /* SceneDelegate.swift */; };
		ED43D3452562C8B1009D1BA7 /* ContentView.swift in Sources */ = {isa = PBXBuildFile; fileRef = ED43D3442562C8B1009D1BA7 /* ContentView.swift */; };
		ED43D34A2562C8B3009D1BA7 /* Assets.xcassets in Resources */ = {isa = PBXBuildFile; fileRef = ED43D3492562C8B3009D1BA7 /* Assets.xcassets */; };
		ED43D34D2562C8B3009D1BA7 /* Preview Assets.xcassets in Resources */ = {isa = PBXBuildFile; fileRef = ED43D34C2562C8B3009D1BA7 /* Preview Assets.xcassets */; };
		ED43D3502562C8B3009D1BA7 /* LaunchScreen.storyboard in Resources */ = {isa = PBXBuildFile; fileRef = ED43D34E2562C8B3009D1BA7 /* LaunchScreen.storyboard */; };
		ED43D35B2562C8B3009D1BA7 /* PolenAppTests.swift in Sources */ = {isa = PBXBuildFile; fileRef = ED43D35A2562C8B3009D1BA7 /* PolenAppTests.swift */; };
		ED43D3662562C8B3009D1BA7 /* PolenAppUITests.swift in Sources */ = {isa = PBXBuildFile; fileRef = ED43D3652562C8B3009D1BA7 /* PolenAppUITests.swift */; };
/* End PBXBuildFile section */

/* Begin PBXContainerItemProxy section */
		ED43D3572562C8B3009D1BA7 /* PBXContainerItemProxy */ = {
			isa = PBXContainerItemProxy;
			containerPortal = ED43D3352562C8B1009D1BA7 /* Project object */;
			proxyType = 1;
			remoteGlobalIDString = ED43D33C2562C8B1009D1BA7;
			remoteInfo = PolenApp;
		};
		ED43D3622562C8B3009D1BA7 /* PBXContainerItemProxy */ = {
			isa = PBXContainerItemProxy;
			containerPortal = ED43D3352562C8B1009D1BA7 /* Project object */;
			proxyType = 1;
			remoteGlobalIDString = ED43D33C2562C8B1009D1BA7;
			remoteInfo = PolenApp;
		};
/* End PBXContainerItemProxy section */

/* Begin PBXFileReference section */
		21DE411FCDBBA6120BDA7D4B /* Pods-PolenApp.release.xcconfig */ = {isa = PBXFileReference; includeInIndex = 1; lastKnownFileType = text.xcconfig; name = "Pods-PolenApp.release.xcconfig"; path = "Target Support Files/Pods-PolenApp/Pods-PolenApp.release.xcconfig"; sourceTree = "<group>"; };
		2417BF2CAAE596DB790A20BA /* Pods_PolenAppTests.framework */ = {isa = PBXFileReference; explicitFileType = wrapper.framework; includeInIndex = 0; path = Pods_PolenAppTests.framework; sourceTree = BUILT_PRODUCTS_DIR; };
		3DC2305AA4AA12A0D9B6F401 /* Pods-PolenAppTests.debug.xcconfig */ = {isa = PBXFileReference; includeInIndex = 1; lastKnownFileType = text.xcconfig; name = "Pods-PolenAppTests.debug.xcconfig"; path = "Target Support Files/Pods-PolenAppTests/Pods-PolenAppTests.debug.xcconfig"; sourceTree = "<group>"; };
		416CB25BEBD4BC7C8254C560 /* Pods_PolenApp_PolenAppUITests.framework */ = {isa = PBXFileReference; explicitFileType = wrapper.framework; includeInIndex = 0; path = Pods_PolenApp_PolenAppUITests.framework; sourceTree = BUILT_PRODUCTS_DIR; };
		5A714D062578F9C80002A3A7 /* CardViewFavoritos.swift */ = {isa = PBXFileReference; lastKnownFileType = sourcecode.swift; path = CardViewFavoritos.swift; sourceTree = "<group>"; };
		75E9AE9BA5DC50432851DFFB /* Pods-PolenApp-PolenAppUITests.debug.xcconfig */ = {isa = PBXFileReference; includeInIndex = 1; lastKnownFileType = text.xcconfig; name = "Pods-PolenApp-PolenAppUITests.debug.xcconfig"; path = "Target Support Files/Pods-PolenApp-PolenAppUITests/Pods-PolenApp-PolenAppUITests.debug.xcconfig"; sourceTree = "<group>"; };
		8626A1972579165700A42BA4 /* ImagePickerView.swift */ = {isa = PBXFileReference; lastKnownFileType = sourcecode.swift; path = ImagePickerView.swift; sourceTree = "<group>"; };
		8626A1AE2579A83E00A42BA4 /* EditHistoriaCard.swift */ = {isa = PBXFileReference; lastKnownFileType = sourcecode.swift; path = EditHistoriaCard.swift; sourceTree = "<group>"; };
		8626A1B3257D4A1700A42BA4 /* EditColaboreCard.swift */ = {isa = PBXFileReference; lastKnownFileType = sourcecode.swift; path = EditColaboreCard.swift; sourceTree = "<group>"; };
		8626A1B8257D4B2600A42BA4 /* EditButtonView2.swift */ = {isa = PBXFileReference; lastKnownFileType = sourcecode.swift; path = EditButtonView2.swift; sourceTree = "<group>"; };
		869D49BB256FD604004B1AC1 /* DuplaBotoes.swift */ = {isa = PBXFileReference; lastKnownFileType = sourcecode.swift; path = DuplaBotoes.swift; sourceTree = "<group>"; };
		869D49C0256FD67F004B1AC1 /* ColaboreView.swift */ = {isa = PBXFileReference; lastKnownFileType = sourcecode.swift; path = ColaboreView.swift; sourceTree = "<group>"; };
		869D49C5256FD6CB004B1AC1 /* HistoriasView.swift */ = {isa = PBXFileReference; lastKnownFileType = sourcecode.swift; path = HistoriasView.swift; sourceTree = "<group>"; };
		86F4C360256E8F4D00302AB5 /* BannerMeuMural.swift */ = {isa = PBXFileReference; lastKnownFileType = sourcecode.swift; path = BannerMeuMural.swift; sourceTree = "<group>"; };
		AAA837FD8ECFE066B14D2153 /* Pods-PolenAppTests.release.xcconfig */ = {isa = PBXFileReference; includeInIndex = 1; lastKnownFileType = text.xcconfig; name = "Pods-PolenAppTests.release.xcconfig"; path = "Target Support Files/Pods-PolenAppTests/Pods-PolenAppTests.release.xcconfig"; sourceTree = "<group>"; };
		AC0341D3257FA6F40056317C /* RecursosView.swift */ = {isa = PBXFileReference; lastKnownFileType = sourcecode.swift; path = RecursosView.swift; sourceTree = "<group>"; };
		AC499415256D5149000350C8 /* MapView.swift */ = {isa = PBXFileReference; lastKnownFileType = sourcecode.swift; path = MapView.swift; sourceTree = "<group>"; };
		AC49941D256D5175000350C8 /* SearchBarMap.swift */ = {isa = PBXFileReference; lastKnownFileType = sourcecode.swift; path = SearchBarMap.swift; sourceTree = "<group>"; };
		AC499426256D51DA000350C8 /* LocationManager.swift */ = {isa = PBXFileReference; lastKnownFileType = sourcecode.swift; path = LocationManager.swift; sourceTree = "<group>"; };
		AC49942B256D5207000350C8 /* Checkpoint.swift */ = {isa = PBXFileReference; lastKnownFileType = sourcecode.swift; path = Checkpoint.swift; sourceTree = "<group>"; };
		AC499430256D525B000350C8 /* Coordinator.swift */ = {isa = PBXFileReference; lastKnownFileType = sourcecode.swift; path = Coordinator.swift; sourceTree = "<group>"; };
		AC499436256D556B000350C8 /* BancoInstituicoes.swift */ = {isa = PBXFileReference; lastKnownFileType = sourcecode.swift; path = BancoInstituicoes.swift; sourceTree = "<group>"; };
		ACC56A692575C2F600BE35C3 /* OnboardingView1.swift */ = {isa = PBXFileReference; lastKnownFileType = sourcecode.swift; path = OnboardingView1.swift; sourceTree = "<group>"; };
		ACC56A712575C37E00BE35C3 /* OnboardingView2.swift */ = {isa = PBXFileReference; lastKnownFileType = sourcecode.swift; path = OnboardingView2.swift; sourceTree = "<group>"; };
		ACC56A762575C38800BE35C3 /* OnboardingView3.swift */ = {isa = PBXFileReference; lastKnownFileType = sourcecode.swift; path = OnboardingView3.swift; sourceTree = "<group>"; };
		ACC56A7B2575D96700BE35C3 /* OnboardsView.swift */ = {isa = PBXFileReference; lastKnownFileType = sourcecode.swift; path = OnboardsView.swift; sourceTree = "<group>"; };
		ACC56A802575D9BB00BE35C3 /* ContainersView.swift */ = {isa = PBXFileReference; lastKnownFileType = sourcecode.swift; path = ContainersView.swift; sourceTree = "<group>"; };
		ACC56A852575DE8B00BE35C3 /* OnboardingPageControl.swift */ = {isa = PBXFileReference; lastKnownFileType = sourcecode.swift; path = OnboardingPageControl.swift; sourceTree = "<group>"; };
		ACC56A8A2575DEFF00BE35C3 /* OnboardingPageViewController.swift */ = {isa = PBXFileReference; lastKnownFileType = sourcecode.swift; path = OnboardingPageViewController.swift; sourceTree = "<group>"; };
		ACFC5E77257911C900881712 /* TabBarView.swift */ = {isa = PBXFileReference; lastKnownFileType = sourcecode.swift; path = TabBarView.swift; sourceTree = "<group>"; };
		B41293C4256BF08C00DBF26B /* AddHistoriaCard.swift */ = {isa = PBXFileReference; lastKnownFileType = sourcecode.swift; path = AddHistoriaCard.swift; sourceTree = "<group>"; };
		B422959E2579752A00869C24 /* CadastroView1.swift */ = {isa = PBXFileReference; lastKnownFileType = sourcecode.swift; path = CadastroView1.swift; sourceTree = "<group>"; };
		B42295A62579CEF000869C24 /* FetchCloudData.swift */ = {isa = PBXFileReference; lastKnownFileType = sourcecode.swift; path = FetchCloudData.swift; sourceTree = "<group>"; };
		B42F76E9257C222E007C6BAF /* LinkToMeuMural.swift */ = {isa = PBXFileReference; lastKnownFileType = sourcecode.swift; path = LinkToMeuMural.swift; sourceTree = "<group>"; };
		B45F68EE257FC633006302A9 /* temporario.swift */ = {isa = PBXFileReference; lastKnownFileType = sourcecode.swift; path = temporario.swift; sourceTree = "<group>"; };
		B45F69072581A5E7006302A9 /* InstituicaoResume.swift */ = {isa = PBXFileReference; lastKnownFileType = sourcecode.swift; path = InstituicaoResume.swift; sourceTree = "<group>"; };
		B45F690C2581A994006302A9 /* BannerMuralDaInstituicao.swift */ = {isa = PBXFileReference; lastKnownFileType = sourcecode.swift; path = BannerMuralDaInstituicao.swift; sourceTree = "<group>"; };
		B4799A1025682821003A047F /* VerMaisView.swift */ = {isa = PBXFileReference; lastKnownFileType = sourcecode.swift; path = VerMaisView.swift; sourceTree = "<group>"; };
		B4799A1825682895003A047F /* Colabore.swift */ = {isa = PBXFileReference; lastKnownFileType = sourcecode.swift; path = Colabore.swift; sourceTree = "<group>"; };
		B4799A20256828F6003A047F /* SobreNos.swift */ = {isa = PBXFileReference; lastKnownFileType = sourcecode.swift; path = SobreNos.swift; sourceTree = "<group>"; };
		B47B7FC8257C74B300E5C0B7 /* PolenApp.xcdatamodel */ = {isa = PBXFileReference; lastKnownFileType = wrapper.xcdatamodel; path = PolenApp.xcdatamodel; sourceTree = "<group>"; };
		B47B7FD0257C74FB00E5C0B7 /* HistoriasCard+CoreDataClass.swift */ = {isa = PBXFileReference; lastKnownFileType = sourcecode.swift; path = "HistoriasCard+CoreDataClass.swift"; sourceTree = "<group>"; };
		B47B7FD1257C74FB00E5C0B7 /* HistoriasCard+CoreDataProperties.swift */ = {isa = PBXFileReference; lastKnownFileType = sourcecode.swift; path = "HistoriasCard+CoreDataProperties.swift"; sourceTree = "<group>"; };
		B47B7FD2257C74FB00E5C0B7 /* Instituicao+CoreDataClass.swift */ = {isa = PBXFileReference; lastKnownFileType = sourcecode.swift; path = "Instituicao+CoreDataClass.swift"; sourceTree = "<group>"; };
		B47B7FD3257C74FB00E5C0B7 /* Instituicao+CoreDataProperties.swift */ = {isa = PBXFileReference; lastKnownFileType = sourcecode.swift; path = "Instituicao+CoreDataProperties.swift"; sourceTree = "<group>"; };
		B47B7FD4257C74FB00E5C0B7 /* ColaboreCard+CoreDataClass.swift */ = {isa = PBXFileReference; lastKnownFileType = sourcecode.swift; path = "ColaboreCard+CoreDataClass.swift"; sourceTree = "<group>"; };
		B47B7FD5257C74FB00E5C0B7 /* ColaboreCard+CoreDataProperties.swift */ = {isa = PBXFileReference; lastKnownFileType = sourcecode.swift; path = "ColaboreCard+CoreDataProperties.swift"; sourceTree = "<group>"; };
		B49BC03B2578091400952217 /* PolenApp.entitlements */ = {isa = PBXFileReference; lastKnownFileType = text.plist.entitlements; path = PolenApp.entitlements; sourceTree = "<group>"; };
		B49BC03F2578091600952217 /* CloudKit.framework */ = {isa = PBXFileReference; lastKnownFileType = wrapper.framework; name = CloudKit.framework; path = System/Library/Frameworks/CloudKit.framework; sourceTree = SDKROOT; };
		B4B55F76257528B000075164 /* AddColaboreCard.swift */ = {isa = PBXFileReference; lastKnownFileType = sourcecode.swift; path = AddColaboreCard.swift; sourceTree = "<group>"; };
		B4B55F7E25752D5000075164 /* ColaboreMeuMuralView.swift */ = {isa = PBXFileReference; lastKnownFileType = sourcecode.swift; path = ColaboreMeuMuralView.swift; sourceTree = "<group>"; };
		B4B55F8325752D6500075164 /* HistoriasMeuMuralView.swift */ = {isa = PBXFileReference; lastKnownFileType = sourcecode.swift; path = HistoriasMeuMuralView.swift; sourceTree = "<group>"; };
		B4B55F8B2575583200075164 /* LinkToAddHistoriaCard.swift */ = {isa = PBXFileReference; lastKnownFileType = sourcecode.swift; path = LinkToAddHistoriaCard.swift; sourceTree = "<group>"; };
		B4B55FA225755A9500075164 /* AddButtonView.swift */ = {isa = PBXFileReference; lastKnownFileType = sourcecode.swift; path = AddButtonView.swift; sourceTree = "<group>"; };
		B4E2357925755BDD00C412D5 /* LinkToAddColaboreCard.swift */ = {isa = PBXFileReference; lastKnownFileType = sourcecode.swift; path = LinkToAddColaboreCard.swift; sourceTree = "<group>"; };
		B4E2359025755D0200C412D5 /* CustomTextView.swift */ = {isa = PBXFileReference; lastKnownFileType = sourcecode.swift; path = CustomTextView.swift; sourceTree = "<group>"; };
		B4E2359525755DC200C412D5 /* EditButtonView.swift */ = {isa = PBXFileReference; lastKnownFileType = sourcecode.swift; path = EditButtonView.swift; sourceTree = "<group>"; };
		B4E2359A2575631E00C412D5 /* VerMaisButton.swift */ = {isa = PBXFileReference; lastKnownFileType = sourcecode.swift; path = VerMaisButton.swift; sourceTree = "<group>"; };
		B4E235A22575687B00C412D5 /* AddCardInfos.swift */ = {isa = PBXFileReference; lastKnownFileType = sourcecode.swift; path = AddCardInfos.swift; sourceTree = "<group>"; };
		B4E235B32575E5B200C412D5 /* LinkToMuralDaInstituicao.swift */ = {isa = PBXFileReference; lastKnownFileType = sourcecode.swift; path = LinkToMuralDaInstituicao.swift; sourceTree = "<group>"; };
		B4E235B82575E64E00C412D5 /* LinkToLogin.swift */ = {isa = PBXFileReference; lastKnownFileType = sourcecode.swift; path = LinkToLogin.swift; sourceTree = "<group>"; };
		B4EDB49625826CD80099D927 /* HistoriasResume.swift */ = {isa = PBXFileReference; lastKnownFileType = sourcecode.swift; path = HistoriasResume.swift; sourceTree = "<group>"; };
		B4EDB4A22582751E0099D927 /* VerMaisButtonCloudkit.swift */ = {isa = PBXFileReference; lastKnownFileType = sourcecode.swift; path = VerMaisButtonCloudkit.swift; sourceTree = "<group>"; };
		B4EDB4AA2582770A0099D927 /* VerMaisViewCloudkit.swift */ = {isa = PBXFileReference; lastKnownFileType = sourcecode.swift; path = VerMaisViewCloudkit.swift; sourceTree = "<group>"; };
		B4FA7FE4257C7C0400E8B56B /* PolenApp 2.xcdatamodel */ = {isa = PBXFileReference; lastKnownFileType = wrapper.xcdatamodel; path = "PolenApp 2.xcdatamodel"; sourceTree = "<group>"; };
		B4FA7FF4257D39BF00E8B56B /* CadastroView2.swift */ = {isa = PBXFileReference; lastKnownFileType = sourcecode.swift; path = CadastroView2.swift; sourceTree = "<group>"; };
		B4FA7FFC257D39D200E8B56B /* CadastroView3.swift */ = {isa = PBXFileReference; lastKnownFileType = sourcecode.swift; path = CadastroView3.swift; sourceTree = "<group>"; };
		B4FA8008257D710000E8B56B /* InitialNavigationController.swift */ = {isa = PBXFileReference; lastKnownFileType = sourcecode.swift; path = InitialNavigationController.swift; sourceTree = "<group>"; };
		B90B89087C52636376FD8379 /* Pods-PolenApp.debug.xcconfig */ = {isa = PBXFileReference; includeInIndex = 1; lastKnownFileType = text.xcconfig; name = "Pods-PolenApp.debug.xcconfig"; path = "Target Support Files/Pods-PolenApp/Pods-PolenApp.debug.xcconfig"; sourceTree = "<group>"; };
		C07F438E3FDFEBD346B7B82F /* Pods_PolenApp.framework */ = {isa = PBXFileReference; explicitFileType = wrapper.framework; includeInIndex = 0; path = Pods_PolenApp.framework; sourceTree = BUILT_PRODUCTS_DIR; };
		DC82473EF0D392B3DA4E6519 /* Pods-PolenApp-PolenAppUITests.release.xcconfig */ = {isa = PBXFileReference; includeInIndex = 1; lastKnownFileType = text.xcconfig; name = "Pods-PolenApp-PolenAppUITests.release.xcconfig"; path = "Target Support Files/Pods-PolenApp-PolenAppUITests/Pods-PolenApp-PolenAppUITests.release.xcconfig"; sourceTree = "<group>"; };
		ED0CF9E4257A81B3007C69E0 /* CardViewRecursos.swift */ = {isa = PBXFileReference; lastKnownFileType = sourcecode.swift; path = CardViewRecursos.swift; sourceTree = "<group>"; };
		ED4161752562CA1B00AF5696 /* Onboarding.swift */ = {isa = PBXFileReference; lastKnownFileType = sourcecode.swift; path = Onboarding.swift; sourceTree = "<group>"; };
		ED41617D2562CA2F00AF5696 /* Mapa.swift */ = {isa = PBXFileReference; lastKnownFileType = sourcecode.swift; path = Mapa.swift; sourceTree = "<group>"; };
		ED4161822562CA4700AF5696 /* MuralDaInstituicao.swift */ = {isa = PBXFileReference; lastKnownFileType = sourcecode.swift; path = MuralDaInstituicao.swift; sourceTree = "<group>"; };
		ED4161872562CA5900AF5696 /* Favoritos.swift */ = {isa = PBXFileReference; lastKnownFileType = sourcecode.swift; path = Favoritos.swift; sourceTree = "<group>"; };
		ED41618C2562CA6900AF5696 /* MeuMural.swift */ = {isa = PBXFileReference; lastKnownFileType = sourcecode.swift; path = MeuMural.swift; sourceTree = "<group>"; };
		ED4161962562CA8F00AF5696 /* Ajuda.swift */ = {isa = PBXFileReference; lastKnownFileType = sourcecode.swift; path = Ajuda.swift; sourceTree = "<group>"; };
		ED41619B2562CAAB00AF5696 /* Login.swift */ = {isa = PBXFileReference; lastKnownFileType = sourcecode.swift; path = Login.swift; sourceTree = "<group>"; };
		ED4161A02562CAB900AF5696 /* LoginView.swift */ = {isa = PBXFileReference; lastKnownFileType = sourcecode.swift; path = LoginView.swift; sourceTree = "<group>"; };
		ED4161AD2562CB1400AF5696 /* CardAjuda.swift */ = {isa = PBXFileReference; lastKnownFileType = sourcecode.swift; path = CardAjuda.swift; sourceTree = "<group>"; };
		ED4161B22562CB2500AF5696 /* CardStory.swift */ = {isa = PBXFileReference; lastKnownFileType = sourcecode.swift; path = CardStory.swift; sourceTree = "<group>"; };
		ED4161B72562CB3900AF5696 /* CardFavorito.swift */ = {isa = PBXFileReference; lastKnownFileType = sourcecode.swift; path = CardFavorito.swift; sourceTree = "<group>"; };
		ED4161BC2562CB4E00AF5696 /* CardRecurso.swift */ = {isa = PBXFileReference; lastKnownFileType = sourcecode.swift; path = CardRecurso.swift; sourceTree = "<group>"; };
		ED43D33D2562C8B1009D1BA7 /* PolenApp.app */ = {isa = PBXFileReference; explicitFileType = wrapper.application; includeInIndex = 0; path = PolenApp.app; sourceTree = BUILT_PRODUCTS_DIR; };
		ED43D3402562C8B1009D1BA7 /* AppDelegate.swift */ = {isa = PBXFileReference; lastKnownFileType = sourcecode.swift; path = AppDelegate.swift; sourceTree = "<group>"; };
		ED43D3422562C8B1009D1BA7 /* SceneDelegate.swift */ = {isa = PBXFileReference; lastKnownFileType = sourcecode.swift; path = SceneDelegate.swift; sourceTree = "<group>"; };
		ED43D3442562C8B1009D1BA7 /* ContentView.swift */ = {isa = PBXFileReference; lastKnownFileType = sourcecode.swift; path = ContentView.swift; sourceTree = "<group>"; };
		ED43D3492562C8B3009D1BA7 /* Assets.xcassets */ = {isa = PBXFileReference; lastKnownFileType = folder.assetcatalog; path = Assets.xcassets; sourceTree = "<group>"; };
		ED43D34C2562C8B3009D1BA7 /* Preview Assets.xcassets */ = {isa = PBXFileReference; lastKnownFileType = folder.assetcatalog; path = "Preview Assets.xcassets"; sourceTree = "<group>"; };
		ED43D34F2562C8B3009D1BA7 /* Base */ = {isa = PBXFileReference; lastKnownFileType = file.storyboard; name = Base; path = Base.lproj/LaunchScreen.storyboard; sourceTree = "<group>"; };
		ED43D3512562C8B3009D1BA7 /* Info.plist */ = {isa = PBXFileReference; lastKnownFileType = text.plist.xml; path = Info.plist; sourceTree = "<group>"; };
		ED43D3562562C8B3009D1BA7 /* PolenAppTests.xctest */ = {isa = PBXFileReference; explicitFileType = wrapper.cfbundle; includeInIndex = 0; path = PolenAppTests.xctest; sourceTree = BUILT_PRODUCTS_DIR; };
		ED43D35A2562C8B3009D1BA7 /* PolenAppTests.swift */ = {isa = PBXFileReference; lastKnownFileType = sourcecode.swift; path = PolenAppTests.swift; sourceTree = "<group>"; };
		ED43D35C2562C8B3009D1BA7 /* Info.plist */ = {isa = PBXFileReference; lastKnownFileType = text.plist.xml; path = Info.plist; sourceTree = "<group>"; };
		ED43D3612562C8B3009D1BA7 /* PolenAppUITests.xctest */ = {isa = PBXFileReference; explicitFileType = wrapper.cfbundle; includeInIndex = 0; path = PolenAppUITests.xctest; sourceTree = BUILT_PRODUCTS_DIR; };
		ED43D3652562C8B3009D1BA7 /* PolenAppUITests.swift */ = {isa = PBXFileReference; lastKnownFileType = sourcecode.swift; path = PolenAppUITests.swift; sourceTree = "<group>"; };
		ED43D3672562C8B3009D1BA7 /* Info.plist */ = {isa = PBXFileReference; lastKnownFileType = text.plist.xml; path = Info.plist; sourceTree = "<group>"; };
/* End PBXFileReference section */

/* Begin PBXFrameworksBuildPhase section */
		ED43D33A2562C8B1009D1BA7 /* Frameworks */ = {
			isa = PBXFrameworksBuildPhase;
			buildActionMask = 2147483647;
			files = (
				4D7027663055B850C09CDEA2 /* Pods_PolenApp.framework in Frameworks */,
				B49BC0402578091600952217 /* CloudKit.framework in Frameworks */,
			);
			runOnlyForDeploymentPostprocessing = 0;
		};
		ED43D3532562C8B3009D1BA7 /* Frameworks */ = {
			isa = PBXFrameworksBuildPhase;
			buildActionMask = 2147483647;
			files = (
				648B5423DA6CF957E8336241 /* Pods_PolenAppTests.framework in Frameworks */,
			);
			runOnlyForDeploymentPostprocessing = 0;
		};
		ED43D35E2562C8B3009D1BA7 /* Frameworks */ = {
			isa = PBXFrameworksBuildPhase;
			buildActionMask = 2147483647;
			files = (
				BFBE53360B2757C986EB190A /* Pods_PolenApp_PolenAppUITests.framework in Frameworks */,
			);
			runOnlyForDeploymentPostprocessing = 0;
		};
/* End PBXFrameworksBuildPhase section */

/* Begin PBXGroup section */
		AC0D48842575287B00FD50DF /* OnboardingModels */ = {
			isa = PBXGroup;
			children = (
				ACC56A852575DE8B00BE35C3 /* OnboardingPageControl.swift */,
				ACC56A8A2575DEFF00BE35C3 /* OnboardingPageViewController.swift */,
			);
			path = OnboardingModels;
			sourceTree = "<group>";
		};
		AC0D488D257529B500FD50DF /* OnboardingViews */ = {
			isa = PBXGroup;
			children = (
				ED4161752562CA1B00AF5696 /* Onboarding.swift */,
				ACC56A692575C2F600BE35C3 /* OnboardingView1.swift */,
				ACC56A712575C37E00BE35C3 /* OnboardingView2.swift */,
				ACC56A762575C38800BE35C3 /* OnboardingView3.swift */,
				ACC56A802575D9BB00BE35C3 /* ContainersView.swift */,
				ACC56A7B2575D96700BE35C3 /* OnboardsView.swift */,
				B4FA8008257D710000E8B56B /* InitialNavigationController.swift */,
			);
			path = OnboardingViews;
			sourceTree = "<group>";
		};
		AC499414256D5129000350C8 /* MapaViews */ = {
			isa = PBXGroup;
			children = (
				ED41617D2562CA2F00AF5696 /* Mapa.swift */,
				AC499415256D5149000350C8 /* MapView.swift */,
				AC49941D256D5175000350C8 /* SearchBarMap.swift */,
			);
			path = MapaViews;
			sourceTree = "<group>";
		};
		AC499422256D518D000350C8 /* MapaModels */ = {
			isa = PBXGroup;
			children = (
				AC499426256D51DA000350C8 /* LocationManager.swift */,
				AC49942B256D5207000350C8 /* Checkpoint.swift */,
				AC499430256D525B000350C8 /* Coordinator.swift */,
			);
			path = MapaModels;
			sourceTree = "<group>";
		};
		AC499435256D54DE000350C8 /* ViewModels */ = {
			isa = PBXGroup;
			children = (
				AC499436256D556B000350C8 /* BancoInstituicoes.swift */,
			);
			path = ViewModels;
			sourceTree = "<group>";
		};
		AD24E7F4DBCA96DC2048C02C /* Frameworks */ = {
			isa = PBXGroup;
			children = (
				B49BC03F2578091600952217 /* CloudKit.framework */,
				C07F438E3FDFEBD346B7B82F /* Pods_PolenApp.framework */,
				416CB25BEBD4BC7C8254C560 /* Pods_PolenApp_PolenAppUITests.framework */,
				2417BF2CAAE596DB790A20BA /* Pods_PolenAppTests.framework */,
			);
			name = Frameworks;
			sourceTree = "<group>";
		};
		AF752BE962E7B76F492DA562 /* Pods */ = {
			isa = PBXGroup;
			children = (
				B90B89087C52636376FD8379 /* Pods-PolenApp.debug.xcconfig */,
				21DE411FCDBBA6120BDA7D4B /* Pods-PolenApp.release.xcconfig */,
				75E9AE9BA5DC50432851DFFB /* Pods-PolenApp-PolenAppUITests.debug.xcconfig */,
				DC82473EF0D392B3DA4E6519 /* Pods-PolenApp-PolenAppUITests.release.xcconfig */,
				3DC2305AA4AA12A0D9B6F401 /* Pods-PolenAppTests.debug.xcconfig */,
				AAA837FD8ECFE066B14D2153 /* Pods-PolenAppTests.release.xcconfig */,
			);
			path = Pods;
			sourceTree = "<group>";
		};
		B47B7FDF257C750600E5C0B7 /* Entities */ = {
			isa = PBXGroup;
			children = (
				B47B7FD0257C74FB00E5C0B7 /* HistoriasCard+CoreDataClass.swift */,
				B47B7FD1257C74FB00E5C0B7 /* HistoriasCard+CoreDataProperties.swift */,
				B47B7FD2257C74FB00E5C0B7 /* Instituicao+CoreDataClass.swift */,
				B47B7FD3257C74FB00E5C0B7 /* Instituicao+CoreDataProperties.swift */,
				B47B7FD4257C74FB00E5C0B7 /* ColaboreCard+CoreDataClass.swift */,
				B47B7FD5257C74FB00E5C0B7 /* ColaboreCard+CoreDataProperties.swift */,
			);
			path = Entities;
			sourceTree = "<group>";
		};
		B49BC05925787A4900952217 /* LoginCadastro */ = {
			isa = PBXGroup;
			children = (
				B422959E2579752A00869C24 /* CadastroView1.swift */,
				B4FA7FF4257D39BF00E8B56B /* CadastroView2.swift */,
				B4FA7FFC257D39D200E8B56B /* CadastroView3.swift */,
				ED41619B2562CAAB00AF5696 /* Login.swift */,
				ED4161A02562CAB900AF5696 /* LoginView.swift */,
			);
			path = LoginCadastro;
			sourceTree = "<group>";
		};
		B4B55F8825753B0C00075164 /* MuralDanstituicao */ = {
			isa = PBXGroup;
			children = (
				ED4161822562CA4700AF5696 /* MuralDaInstituicao.swift */,
				869D49BB256FD604004B1AC1 /* DuplaBotoes.swift */,
				869D49C0256FD67F004B1AC1 /* ColaboreView.swift */,
				869D49C5256FD6CB004B1AC1 /* HistoriasView.swift */,
				B45F690C2581A994006302A9 /* BannerMuralDaInstituicao.swift */,
				B4EDB4A22582751E0099D927 /* VerMaisButtonCloudkit.swift */,
				B4EDB4AA2582770A0099D927 /* VerMaisViewCloudkit.swift */,
			);
			path = MuralDanstituicao;
			sourceTree = "<group>";
		};
		B4B55F8925753C0100075164 /* MeuMural */ = {
			isa = PBXGroup;
			children = (
				B4799A1025682821003A047F /* VerMaisView.swift */,
				B4E2359A2575631E00C412D5 /* VerMaisButton.swift */,
				86F4C360256E8F4D00302AB5 /* BannerMeuMural.swift */,
				ED41618C2562CA6900AF5696 /* MeuMural.swift */,
				B4B55F7E25752D5000075164 /* ColaboreMeuMuralView.swift */,
				B4B55F8325752D6500075164 /* HistoriasMeuMuralView.swift */,
				B41293C4256BF08C00DBF26B /* AddHistoriaCard.swift */,
				B4B55F76257528B000075164 /* AddColaboreCard.swift */,
				B4B55FA225755A9500075164 /* AddButtonView.swift */,
				B4E2359525755DC200C412D5 /* EditButtonView.swift */,
				B4E235A22575687B00C412D5 /* AddCardInfos.swift */,
				8626A1AE2579A83E00A42BA4 /* EditHistoriaCard.swift */,
				8626A1B3257D4A1700A42BA4 /* EditColaboreCard.swift */,
				8626A1B8257D4B2600A42BA4 /* EditButtonView2.swift */,
				B4E2359025755D0200C412D5 /* CustomTextView.swift */,
			);
			path = MeuMural;
			sourceTree = "<group>";
		};
		B4B55F8A2575581200075164 /* NavigationLinks */ = {
			isa = PBXGroup;
			children = (
				B4E2357925755BDD00C412D5 /* LinkToAddColaboreCard.swift */,
				B4B55F8B2575583200075164 /* LinkToAddHistoriaCard.swift */,
				B4E235B32575E5B200C412D5 /* LinkToMuralDaInstituicao.swift */,
				B4E235B82575E64E00C412D5 /* LinkToLogin.swift */,
				B42F76E9257C222E007C6BAF /* LinkToMeuMural.swift */,
			);
			path = NavigationLinks;
			sourceTree = "<group>";
		};
		ED0CF9D8257A816E007C69E0 /* RecursosModels */ = {
			isa = PBXGroup;
			children = (
				ED0CF9E4257A81B3007C69E0 /* CardViewRecursos.swift */,
			);
			path = RecursosModels;
			sourceTree = "<group>";
		};
		ED0CF9E9257A822B007C69E0 /* RecursosView */ = {
			isa = PBXGroup;
			children = (
				AC0341D3257FA6F40056317C /* RecursosView.swift */,
			);
			path = RecursosView;
			sourceTree = "<group>";
		};
		ED4161702562C9EB00AF5696 /* Views */ = {
			isa = PBXGroup;
			children = (
				ED0CF9E9257A822B007C69E0 /* RecursosView */,
				B49BC05925787A4900952217 /* LoginCadastro */,
				B4B55F8925753C0100075164 /* MeuMural */,
				AC0D488D257529B500FD50DF /* OnboardingViews */,
				AC499414256D5129000350C8 /* MapaViews */,
				B4B55F8825753B0C00075164 /* MuralDanstituicao */,
				ED4161872562CA5900AF5696 /* Favoritos.swift */,
				5A714D062578F9C80002A3A7 /* CardViewFavoritos.swift */,
				ED4161962562CA8F00AF5696 /* Ajuda.swift */,
				ACFC5E77257911C900881712 /* TabBarView.swift */,
				8626A1972579165700A42BA4 /* ImagePickerView.swift */,
				B45F68EE257FC633006302A9 /* temporario.swift */,
			);
			path = Views;
			sourceTree = "<group>";
		};
		ED4161742562C9F500AF5696 /* Models */ = {
			isa = PBXGroup;
			children = (
				ED0CF9D8257A816E007C69E0 /* RecursosModels */,
				B47B7FDF257C750600E5C0B7 /* Entities */,
				B4B55F8A2575581200075164 /* NavigationLinks */,
				AC0D48842575287B00FD50DF /* OnboardingModels */,
				AC499422256D518D000350C8 /* MapaModels */,
				ED4161AD2562CB1400AF5696 /* CardAjuda.swift */,
				ED4161B22562CB2500AF5696 /* CardStory.swift */,
				ED4161B72562CB3900AF5696 /* CardFavorito.swift */,
				ED4161BC2562CB4E00AF5696 /* CardRecurso.swift */,
				B4799A1825682895003A047F /* Colabore.swift */,
				B4799A20256828F6003A047F /* SobreNos.swift */,
				B42295A62579CEF000869C24 /* FetchCloudData.swift */,
				B45F69072581A5E7006302A9 /* InstituicaoResume.swift */,
				B4EDB49625826CD80099D927 /* HistoriasResume.swift */,
			);
			path = Models;
			sourceTree = "<group>";
		};
		ED43D3342562C8B1009D1BA7 = {
			isa = PBXGroup;
			children = (
				ED43D33F2562C8B1009D1BA7 /* PolenApp */,
				ED43D3592562C8B3009D1BA7 /* PolenAppTests */,
				ED43D3642562C8B3009D1BA7 /* PolenAppUITests */,
				ED43D33E2562C8B1009D1BA7 /* Products */,
				AF752BE962E7B76F492DA562 /* Pods */,
				AD24E7F4DBCA96DC2048C02C /* Frameworks */,
			);
			sourceTree = "<group>";
		};
		ED43D33E2562C8B1009D1BA7 /* Products */ = {
			isa = PBXGroup;
			children = (
				ED43D33D2562C8B1009D1BA7 /* PolenApp.app */,
				ED43D3562562C8B3009D1BA7 /* PolenAppTests.xctest */,
				ED43D3612562C8B3009D1BA7 /* PolenAppUITests.xctest */,
			);
			name = Products;
			sourceTree = "<group>";
		};
		ED43D33F2562C8B1009D1BA7 /* PolenApp */ = {
			isa = PBXGroup;
			children = (
				B49BC03B2578091400952217 /* PolenApp.entitlements */,
				ED4161702562C9EB00AF5696 /* Views */,
				ED4161742562C9F500AF5696 /* Models */,
				AC499435256D54DE000350C8 /* ViewModels */,
				ED43D3402562C8B1009D1BA7 /* AppDelegate.swift */,
				ED43D3422562C8B1009D1BA7 /* SceneDelegate.swift */,
				ED43D3442562C8B1009D1BA7 /* ContentView.swift */,
				ED43D3492562C8B3009D1BA7 /* Assets.xcassets */,
				ED43D34E2562C8B3009D1BA7 /* LaunchScreen.storyboard */,
				ED43D3512562C8B3009D1BA7 /* Info.plist */,
				B47B7FC7257C74B300E5C0B7 /* PolenApp.xcdatamodeld */,
				ED43D34B2562C8B3009D1BA7 /* Preview Content */,
			);
			path = PolenApp;
			sourceTree = "<group>";
		};
		ED43D34B2562C8B3009D1BA7 /* Preview Content */ = {
			isa = PBXGroup;
			children = (
				ED43D34C2562C8B3009D1BA7 /* Preview Assets.xcassets */,
			);
			path = "Preview Content";
			sourceTree = "<group>";
		};
		ED43D3592562C8B3009D1BA7 /* PolenAppTests */ = {
			isa = PBXGroup;
			children = (
				ED43D35A2562C8B3009D1BA7 /* PolenAppTests.swift */,
				ED43D35C2562C8B3009D1BA7 /* Info.plist */,
			);
			path = PolenAppTests;
			sourceTree = "<group>";
		};
		ED43D3642562C8B3009D1BA7 /* PolenAppUITests */ = {
			isa = PBXGroup;
			children = (
				ED43D3652562C8B3009D1BA7 /* PolenAppUITests.swift */,
				ED43D3672562C8B3009D1BA7 /* Info.plist */,
			);
			path = PolenAppUITests;
			sourceTree = "<group>";
		};
/* End PBXGroup section */

/* Begin PBXNativeTarget section */
		ED43D33C2562C8B1009D1BA7 /* PolenApp */ = {
			isa = PBXNativeTarget;
			buildConfigurationList = ED43D36A2562C8B3009D1BA7 /* Build configuration list for PBXNativeTarget "PolenApp" */;
			buildPhases = (
				2506FF15B30BA6B0E8B10EDF /* [CP] Check Pods Manifest.lock */,
				ED43D3392562C8B1009D1BA7 /* Sources */,
				ED43D33A2562C8B1009D1BA7 /* Frameworks */,
				ED43D33B2562C8B1009D1BA7 /* Resources */,
				B475E3592563F560009D0E77 /* ShellScript */,
			);
			buildRules = (
			);
			dependencies = (
			);
			name = PolenApp;
			productName = PolenApp;
			productReference = ED43D33D2562C8B1009D1BA7 /* PolenApp.app */;
			productType = "com.apple.product-type.application";
		};
		ED43D3552562C8B3009D1BA7 /* PolenAppTests */ = {
			isa = PBXNativeTarget;
			buildConfigurationList = ED43D36D2562C8B3009D1BA7 /* Build configuration list for PBXNativeTarget "PolenAppTests" */;
			buildPhases = (
				195DA18CF44C03426087D59B /* [CP] Check Pods Manifest.lock */,
				ED43D3522562C8B3009D1BA7 /* Sources */,
				ED43D3532562C8B3009D1BA7 /* Frameworks */,
				ED43D3542562C8B3009D1BA7 /* Resources */,
			);
			buildRules = (
			);
			dependencies = (
				ED43D3582562C8B3009D1BA7 /* PBXTargetDependency */,
			);
			name = PolenAppTests;
			productName = PolenAppTests;
			productReference = ED43D3562562C8B3009D1BA7 /* PolenAppTests.xctest */;
			productType = "com.apple.product-type.bundle.unit-test";
		};
		ED43D3602562C8B3009D1BA7 /* PolenAppUITests */ = {
			isa = PBXNativeTarget;
			buildConfigurationList = ED43D3702562C8B3009D1BA7 /* Build configuration list for PBXNativeTarget "PolenAppUITests" */;
			buildPhases = (
				892701C095B26746289A0AC7 /* [CP] Check Pods Manifest.lock */,
				ED43D35D2562C8B3009D1BA7 /* Sources */,
				ED43D35E2562C8B3009D1BA7 /* Frameworks */,
				ED43D35F2562C8B3009D1BA7 /* Resources */,
			);
			buildRules = (
			);
			dependencies = (
				ED43D3632562C8B3009D1BA7 /* PBXTargetDependency */,
			);
			name = PolenAppUITests;
			productName = PolenAppUITests;
			productReference = ED43D3612562C8B3009D1BA7 /* PolenAppUITests.xctest */;
			productType = "com.apple.product-type.bundle.ui-testing";
		};
/* End PBXNativeTarget section */

/* Begin PBXProject section */
		ED43D3352562C8B1009D1BA7 /* Project object */ = {
			isa = PBXProject;
			attributes = {
				LastSwiftUpdateCheck = 1210;
				LastUpgradeCheck = 1210;
				TargetAttributes = {
					ED43D33C2562C8B1009D1BA7 = {
						CreatedOnToolsVersion = 12.1;
					};
					ED43D3552562C8B3009D1BA7 = {
						CreatedOnToolsVersion = 12.1;
						TestTargetID = ED43D33C2562C8B1009D1BA7;
					};
					ED43D3602562C8B3009D1BA7 = {
						CreatedOnToolsVersion = 12.1;
						TestTargetID = ED43D33C2562C8B1009D1BA7;
					};
				};
			};
			buildConfigurationList = ED43D3382562C8B1009D1BA7 /* Build configuration list for PBXProject "PolenApp" */;
			compatibilityVersion = "Xcode 9.3";
			developmentRegion = en;
			hasScannedForEncodings = 0;
			knownRegions = (
				en,
				Base,
			);
			mainGroup = ED43D3342562C8B1009D1BA7;
			productRefGroup = ED43D33E2562C8B1009D1BA7 /* Products */;
			projectDirPath = "";
			projectRoot = "";
			targets = (
				ED43D33C2562C8B1009D1BA7 /* PolenApp */,
				ED43D3552562C8B3009D1BA7 /* PolenAppTests */,
				ED43D3602562C8B3009D1BA7 /* PolenAppUITests */,
			);
		};
/* End PBXProject section */

/* Begin PBXResourcesBuildPhase section */
		ED43D33B2562C8B1009D1BA7 /* Resources */ = {
			isa = PBXResourcesBuildPhase;
			buildActionMask = 2147483647;
			files = (
				ED43D3502562C8B3009D1BA7 /* LaunchScreen.storyboard in Resources */,
				ED43D34D2562C8B3009D1BA7 /* Preview Assets.xcassets in Resources */,
				ED43D34A2562C8B3009D1BA7 /* Assets.xcassets in Resources */,
			);
			runOnlyForDeploymentPostprocessing = 0;
		};
		ED43D3542562C8B3009D1BA7 /* Resources */ = {
			isa = PBXResourcesBuildPhase;
			buildActionMask = 2147483647;
			files = (
			);
			runOnlyForDeploymentPostprocessing = 0;
		};
		ED43D35F2562C8B3009D1BA7 /* Resources */ = {
			isa = PBXResourcesBuildPhase;
			buildActionMask = 2147483647;
			files = (
			);
			runOnlyForDeploymentPostprocessing = 0;
		};
/* End PBXResourcesBuildPhase section */

/* Begin PBXShellScriptBuildPhase section */
		195DA18CF44C03426087D59B /* [CP] Check Pods Manifest.lock */ = {
			isa = PBXShellScriptBuildPhase;
			buildActionMask = 2147483647;
			files = (
			);
			inputFileListPaths = (
			);
			inputPaths = (
				"${PODS_PODFILE_DIR_PATH}/Podfile.lock",
				"${PODS_ROOT}/Manifest.lock",
			);
			name = "[CP] Check Pods Manifest.lock";
			outputFileListPaths = (
			);
			outputPaths = (
				"$(DERIVED_FILE_DIR)/Pods-PolenAppTests-checkManifestLockResult.txt",
			);
			runOnlyForDeploymentPostprocessing = 0;
			shellPath = /bin/sh;
			shellScript = "diff \"${PODS_PODFILE_DIR_PATH}/Podfile.lock\" \"${PODS_ROOT}/Manifest.lock\" > /dev/null\nif [ $? != 0 ] ; then\n    # print error to STDERR\n    echo \"error: The sandbox is not in sync with the Podfile.lock. Run 'pod install' or update your CocoaPods installation.\" >&2\n    exit 1\nfi\n# This output is used by Xcode 'outputs' to avoid re-running this script phase.\necho \"SUCCESS\" > \"${SCRIPT_OUTPUT_FILE_0}\"\n";
			showEnvVarsInLog = 0;
		};
		2506FF15B30BA6B0E8B10EDF /* [CP] Check Pods Manifest.lock */ = {
			isa = PBXShellScriptBuildPhase;
			buildActionMask = 2147483647;
			files = (
			);
			inputFileListPaths = (
			);
			inputPaths = (
				"${PODS_PODFILE_DIR_PATH}/Podfile.lock",
				"${PODS_ROOT}/Manifest.lock",
			);
			name = "[CP] Check Pods Manifest.lock";
			outputFileListPaths = (
			);
			outputPaths = (
				"$(DERIVED_FILE_DIR)/Pods-PolenApp-checkManifestLockResult.txt",
			);
			runOnlyForDeploymentPostprocessing = 0;
			shellPath = /bin/sh;
			shellScript = "diff \"${PODS_PODFILE_DIR_PATH}/Podfile.lock\" \"${PODS_ROOT}/Manifest.lock\" > /dev/null\nif [ $? != 0 ] ; then\n    # print error to STDERR\n    echo \"error: The sandbox is not in sync with the Podfile.lock. Run 'pod install' or update your CocoaPods installation.\" >&2\n    exit 1\nfi\n# This output is used by Xcode 'outputs' to avoid re-running this script phase.\necho \"SUCCESS\" > \"${SCRIPT_OUTPUT_FILE_0}\"\n";
			showEnvVarsInLog = 0;
		};
		892701C095B26746289A0AC7 /* [CP] Check Pods Manifest.lock */ = {
			isa = PBXShellScriptBuildPhase;
			buildActionMask = 2147483647;
			files = (
			);
			inputFileListPaths = (
			);
			inputPaths = (
				"${PODS_PODFILE_DIR_PATH}/Podfile.lock",
				"${PODS_ROOT}/Manifest.lock",
			);
			name = "[CP] Check Pods Manifest.lock";
			outputFileListPaths = (
			);
			outputPaths = (
				"$(DERIVED_FILE_DIR)/Pods-PolenApp-PolenAppUITests-checkManifestLockResult.txt",
			);
			runOnlyForDeploymentPostprocessing = 0;
			shellPath = /bin/sh;
			shellScript = "diff \"${PODS_PODFILE_DIR_PATH}/Podfile.lock\" \"${PODS_ROOT}/Manifest.lock\" > /dev/null\nif [ $? != 0 ] ; then\n    # print error to STDERR\n    echo \"error: The sandbox is not in sync with the Podfile.lock. Run 'pod install' or update your CocoaPods installation.\" >&2\n    exit 1\nfi\n# This output is used by Xcode 'outputs' to avoid re-running this script phase.\necho \"SUCCESS\" > \"${SCRIPT_OUTPUT_FILE_0}\"\n";
			showEnvVarsInLog = 0;
		};
		B475E3592563F560009D0E77 /* ShellScript */ = {
			isa = PBXShellScriptBuildPhase;
			buildActionMask = 2147483647;
			files = (
			);
			inputFileListPaths = (
			);
			inputPaths = (
			);
			outputFileListPaths = (
			);
			outputPaths = (
			);
			runOnlyForDeploymentPostprocessing = 0;
			shellPath = /bin/sh;
			shellScript = "# Type a script or drag a script file from your workspace to insert its path.\n${PODS_ROOT}/SwiftLint/swiftlint\n";
		};
/* End PBXShellScriptBuildPhase section */

/* Begin PBXSourcesBuildPhase section */
		ED43D3392562C8B1009D1BA7 /* Sources */ = {
			isa = PBXSourcesBuildPhase;
			buildActionMask = 2147483647;
			files = (
				AC499437256D556B000350C8 /* BancoInstituicoes.swift in Sources */,
				ED4161832562CA4700AF5696 /* MuralDaInstituicao.swift in Sources */,
				AC49941E256D5175000350C8 /* SearchBarMap.swift in Sources */,
				ED43D3412562C8B1009D1BA7 /* AppDelegate.swift in Sources */,
				AC0341D4257FA6F40056317C /* RecursosView.swift in Sources */,
				ED41619C2562CAAB00AF5696 /* Login.swift in Sources */,
				ACC56A8B2575DEFF00BE35C3 /* OnboardingPageViewController.swift in Sources */,
				B47B7FDA257C74FB00E5C0B7 /* ColaboreCard+CoreDataClass.swift in Sources */,
				B4B55F8C2575583200075164 /* LinkToAddHistoriaCard.swift in Sources */,
				B4EDB4A32582751E0099D927 /* VerMaisButtonCloudkit.swift in Sources */,
				B4799A1925682895003A047F /* Colabore.swift in Sources */,
				ED4161B32562CB2500AF5696 /* CardStory.swift in Sources */,
				B47B7FD7257C74FB00E5C0B7 /* HistoriasCard+CoreDataProperties.swift in Sources */,
				B4E2359125755D0200C412D5 /* CustomTextView.swift in Sources */,
				B45F69082581A5E7006302A9 /* InstituicaoResume.swift in Sources */,
				B4E235B42575E5B200C412D5 /* LinkToMuralDaInstituicao.swift in Sources */,
				ED4161972562CA8F00AF5696 /* Ajuda.swift in Sources */,
				ED4161B82562CB3900AF5696 /* CardFavorito.swift in Sources */,
				ED4161AE2562CB1400AF5696 /* CardAjuda.swift in Sources */,
				B47B7FD8257C74FB00E5C0B7 /* Instituicao+CoreDataClass.swift in Sources */,
				B4FA8009257D710000E8B56B /* InitialNavigationController.swift in Sources */,
				B41293C5256BF08C00DBF26B /* AddHistoriaCard.swift in Sources */,
				B4B55F7F25752D5000075164 /* ColaboreMeuMuralView.swift in Sources */,
				B4EDB49725826CD80099D927 /* HistoriasResume.swift in Sources */,
				ACC56A7C2575D96700BE35C3 /* OnboardsView.swift in Sources */,
				ACC56A772575C38800BE35C3 /* OnboardingView3.swift in Sources */,
				B4799A1125682821003A047F /* VerMaisView.swift in Sources */,
				869D49C1256FD67F004B1AC1 /* ColaboreView.swift in Sources */,
				5A714D072578F9C80002A3A7 /* CardViewFavoritos.swift in Sources */,
				ED4161BD2562CB4E00AF5696 /* CardRecurso.swift in Sources */,
				ACFC5E78257911C900881712 /* TabBarView.swift in Sources */,
				B47B7FC9257C74B400E5C0B7 /* PolenApp.xcdatamodeld in Sources */,
				B42F76EA257C222E007C6BAF /* LinkToMeuMural.swift in Sources */,
				ED41617E2562CA2F00AF5696 /* Mapa.swift in Sources */,
				869D49C6256FD6CB004B1AC1 /* HistoriasView.swift in Sources */,
				ED4161762562CA1B00AF5696 /* Onboarding.swift in Sources */,
				B422959F2579752A00869C24 /* CadastroView1.swift in Sources */,
				ED43D3432562C8B1009D1BA7 /* SceneDelegate.swift in Sources */,
				8626A1B9257D4B2600A42BA4 /* EditButtonView2.swift in Sources */,
				8626A1B4257D4A1700A42BA4 /* EditColaboreCard.swift in Sources */,
				ACC56A862575DE8B00BE35C3 /* OnboardingPageControl.swift in Sources */,
				B4799A21256828F6003A047F /* SobreNos.swift in Sources */,
				B47B7FDB257C74FB00E5C0B7 /* ColaboreCard+CoreDataProperties.swift in Sources */,
				B4B55F77257528B000075164 /* AddColaboreCard.swift in Sources */,
				B4B55F8425752D6500075164 /* HistoriasMeuMuralView.swift in Sources */,
				B4FA7FF5257D39BF00E8B56B /* CadastroView2.swift in Sources */,
				B4E235A32575687B00C412D5 /* AddCardInfos.swift in Sources */,
				ACC56A812575D9BB00BE35C3 /* ContainersView.swift in Sources */,
				8626A1982579165700A42BA4 /* ImagePickerView.swift in Sources */,
				ED43D3452562C8B1009D1BA7 /* ContentView.swift in Sources */,
				AC499416256D5149000350C8 /* MapView.swift in Sources */,
				B4FA7FFD257D39D200E8B56B /* CadastroView3.swift in Sources */,
				B47B7FD6257C74FB00E5C0B7 /* HistoriasCard+CoreDataClass.swift in Sources */,
				AC499431256D525B000350C8 /* Coordinator.swift in Sources */,
				AC49942C256D5207000350C8 /* Checkpoint.swift in Sources */,
				AC499427256D51DA000350C8 /* LocationManager.swift in Sources */,
				ACC56A6A2575C2F600BE35C3 /* OnboardingView1.swift in Sources */,
				ED41618D2562CA6900AF5696 /* MeuMural.swift in Sources */,
				ED0CF9E5257A81B3007C69E0 /* CardViewRecursos.swift in Sources */,
				B47B7FD9257C74FB00E5C0B7 /* Instituicao+CoreDataProperties.swift in Sources */,
				B4E2359B2575631E00C412D5 /* VerMaisButton.swift in Sources */,
				B4B55FA325755A9500075164 /* AddButtonView.swift in Sources */,
				B45F690D2581A994006302A9 /* BannerMuralDaInstituicao.swift in Sources */,
				ED4161882562CA5900AF5696 /* Favoritos.swift in Sources */,
				B4EDB4AB2582770A0099D927 /* VerMaisViewCloudkit.swift in Sources */,
				B4E2359625755DC200C412D5 /* EditButtonView.swift in Sources */,
				B4E235B92575E64E00C412D5 /* LinkToLogin.swift in Sources */,
				B45F68EF257FC633006302A9 /* temporario.swift in Sources */,
				86F4C361256E8F4D00302AB5 /* BannerMeuMural.swift in Sources */,
				B4E2357A25755BDD00C412D5 /* LinkToAddColaboreCard.swift in Sources */,
				ACC56A722575C37E00BE35C3 /* OnboardingView2.swift in Sources */,
				869D49BC256FD604004B1AC1 /* DuplaBotoes.swift in Sources */,
				ED4161A12562CAB900AF5696 /* LoginView.swift in Sources */,
				8626A1AF2579A83E00A42BA4 /* EditHistoriaCard.swift in Sources */,
				B42295A72579CEF000869C24 /* FetchCloudData.swift in Sources */,
				ED4161A12562CAB900AF5696 /* LoginView.swift in Sources */,
			);
			runOnlyForDeploymentPostprocessing = 0;
		};
		ED43D3522562C8B3009D1BA7 /* Sources */ = {
			isa = PBXSourcesBuildPhase;
			buildActionMask = 2147483647;
			files = (
				ED43D35B2562C8B3009D1BA7 /* PolenAppTests.swift in Sources */,
			);
			runOnlyForDeploymentPostprocessing = 0;
		};
		ED43D35D2562C8B3009D1BA7 /* Sources */ = {
			isa = PBXSourcesBuildPhase;
			buildActionMask = 2147483647;
			files = (
				ED43D3662562C8B3009D1BA7 /* PolenAppUITests.swift in Sources */,
			);
			runOnlyForDeploymentPostprocessing = 0;
		};
/* End PBXSourcesBuildPhase section */

/* Begin PBXTargetDependency section */
		ED43D3582562C8B3009D1BA7 /* PBXTargetDependency */ = {
			isa = PBXTargetDependency;
			target = ED43D33C2562C8B1009D1BA7 /* PolenApp */;
			targetProxy = ED43D3572562C8B3009D1BA7 /* PBXContainerItemProxy */;
		};
		ED43D3632562C8B3009D1BA7 /* PBXTargetDependency */ = {
			isa = PBXTargetDependency;
			target = ED43D33C2562C8B1009D1BA7 /* PolenApp */;
			targetProxy = ED43D3622562C8B3009D1BA7 /* PBXContainerItemProxy */;
		};
/* End PBXTargetDependency section */

/* Begin PBXVariantGroup section */
		ED43D34E2562C8B3009D1BA7 /* LaunchScreen.storyboard */ = {
			isa = PBXVariantGroup;
			children = (
				ED43D34F2562C8B3009D1BA7 /* Base */,
			);
			name = LaunchScreen.storyboard;
			sourceTree = "<group>";
		};
/* End PBXVariantGroup section */

/* Begin XCBuildConfiguration section */
		ED43D3682562C8B3009D1BA7 /* Debug */ = {
			isa = XCBuildConfiguration;
			buildSettings = {
				ALWAYS_SEARCH_USER_PATHS = NO;
				CLANG_ANALYZER_NONNULL = YES;
				CLANG_ANALYZER_NUMBER_OBJECT_CONVERSION = YES_AGGRESSIVE;
				CLANG_CXX_LANGUAGE_STANDARD = "gnu++14";
				CLANG_CXX_LIBRARY = "libc++";
				CLANG_ENABLE_MODULES = YES;
				CLANG_ENABLE_OBJC_ARC = YES;
				CLANG_ENABLE_OBJC_WEAK = YES;
				CLANG_WARN_BLOCK_CAPTURE_AUTORELEASING = YES;
				CLANG_WARN_BOOL_CONVERSION = YES;
				CLANG_WARN_COMMA = YES;
				CLANG_WARN_CONSTANT_CONVERSION = YES;
				CLANG_WARN_DEPRECATED_OBJC_IMPLEMENTATIONS = YES;
				CLANG_WARN_DIRECT_OBJC_ISA_USAGE = YES_ERROR;
				CLANG_WARN_DOCUMENTATION_COMMENTS = YES;
				CLANG_WARN_EMPTY_BODY = YES;
				CLANG_WARN_ENUM_CONVERSION = YES;
				CLANG_WARN_INFINITE_RECURSION = YES;
				CLANG_WARN_INT_CONVERSION = YES;
				CLANG_WARN_NON_LITERAL_NULL_CONVERSION = YES;
				CLANG_WARN_OBJC_IMPLICIT_RETAIN_SELF = YES;
				CLANG_WARN_OBJC_LITERAL_CONVERSION = YES;
				CLANG_WARN_OBJC_ROOT_CLASS = YES_ERROR;
				CLANG_WARN_QUOTED_INCLUDE_IN_FRAMEWORK_HEADER = YES;
				CLANG_WARN_RANGE_LOOP_ANALYSIS = YES;
				CLANG_WARN_STRICT_PROTOTYPES = YES;
				CLANG_WARN_SUSPICIOUS_MOVE = YES;
				CLANG_WARN_UNGUARDED_AVAILABILITY = YES_AGGRESSIVE;
				CLANG_WARN_UNREACHABLE_CODE = YES;
				CLANG_WARN__DUPLICATE_METHOD_MATCH = YES;
				COPY_PHASE_STRIP = NO;
				DEBUG_INFORMATION_FORMAT = dwarf;
				ENABLE_STRICT_OBJC_MSGSEND = YES;
				ENABLE_TESTABILITY = YES;
				GCC_C_LANGUAGE_STANDARD = gnu11;
				GCC_DYNAMIC_NO_PIC = NO;
				GCC_NO_COMMON_BLOCKS = YES;
				GCC_OPTIMIZATION_LEVEL = 0;
				GCC_PREPROCESSOR_DEFINITIONS = (
					"DEBUG=1",
					"$(inherited)",
				);
				GCC_WARN_64_TO_32_BIT_CONVERSION = YES;
				GCC_WARN_ABOUT_RETURN_TYPE = YES_ERROR;
				GCC_WARN_UNDECLARED_SELECTOR = YES;
				GCC_WARN_UNINITIALIZED_AUTOS = YES_AGGRESSIVE;
				GCC_WARN_UNUSED_FUNCTION = YES;
				GCC_WARN_UNUSED_VARIABLE = YES;
				IPHONEOS_DEPLOYMENT_TARGET = 14.1;
				MTL_ENABLE_DEBUG_INFO = INCLUDE_SOURCE;
				MTL_FAST_MATH = YES;
				ONLY_ACTIVE_ARCH = YES;
				SDKROOT = iphoneos;
				SWIFT_ACTIVE_COMPILATION_CONDITIONS = DEBUG;
				SWIFT_ENABLE_BATCH_MODE = NO;
				SWIFT_OPTIMIZATION_LEVEL = "-Onone";
			};
			name = Debug;
		};
		ED43D3692562C8B3009D1BA7 /* Release */ = {
			isa = XCBuildConfiguration;
			buildSettings = {
				ALWAYS_SEARCH_USER_PATHS = NO;
				CLANG_ANALYZER_NONNULL = YES;
				CLANG_ANALYZER_NUMBER_OBJECT_CONVERSION = YES_AGGRESSIVE;
				CLANG_CXX_LANGUAGE_STANDARD = "gnu++14";
				CLANG_CXX_LIBRARY = "libc++";
				CLANG_ENABLE_MODULES = YES;
				CLANG_ENABLE_OBJC_ARC = YES;
				CLANG_ENABLE_OBJC_WEAK = YES;
				CLANG_WARN_BLOCK_CAPTURE_AUTORELEASING = YES;
				CLANG_WARN_BOOL_CONVERSION = YES;
				CLANG_WARN_COMMA = YES;
				CLANG_WARN_CONSTANT_CONVERSION = YES;
				CLANG_WARN_DEPRECATED_OBJC_IMPLEMENTATIONS = YES;
				CLANG_WARN_DIRECT_OBJC_ISA_USAGE = YES_ERROR;
				CLANG_WARN_DOCUMENTATION_COMMENTS = YES;
				CLANG_WARN_EMPTY_BODY = YES;
				CLANG_WARN_ENUM_CONVERSION = YES;
				CLANG_WARN_INFINITE_RECURSION = YES;
				CLANG_WARN_INT_CONVERSION = YES;
				CLANG_WARN_NON_LITERAL_NULL_CONVERSION = YES;
				CLANG_WARN_OBJC_IMPLICIT_RETAIN_SELF = YES;
				CLANG_WARN_OBJC_LITERAL_CONVERSION = YES;
				CLANG_WARN_OBJC_ROOT_CLASS = YES_ERROR;
				CLANG_WARN_QUOTED_INCLUDE_IN_FRAMEWORK_HEADER = YES;
				CLANG_WARN_RANGE_LOOP_ANALYSIS = YES;
				CLANG_WARN_STRICT_PROTOTYPES = YES;
				CLANG_WARN_SUSPICIOUS_MOVE = YES;
				CLANG_WARN_UNGUARDED_AVAILABILITY = YES_AGGRESSIVE;
				CLANG_WARN_UNREACHABLE_CODE = YES;
				CLANG_WARN__DUPLICATE_METHOD_MATCH = YES;
				COPY_PHASE_STRIP = NO;
				DEBUG_INFORMATION_FORMAT = "dwarf-with-dsym";
				ENABLE_NS_ASSERTIONS = NO;
				ENABLE_STRICT_OBJC_MSGSEND = YES;
				GCC_C_LANGUAGE_STANDARD = gnu11;
				GCC_NO_COMMON_BLOCKS = YES;
				GCC_WARN_64_TO_32_BIT_CONVERSION = YES;
				GCC_WARN_ABOUT_RETURN_TYPE = YES_ERROR;
				GCC_WARN_UNDECLARED_SELECTOR = YES;
				GCC_WARN_UNINITIALIZED_AUTOS = YES_AGGRESSIVE;
				GCC_WARN_UNUSED_FUNCTION = YES;
				GCC_WARN_UNUSED_VARIABLE = YES;
				IPHONEOS_DEPLOYMENT_TARGET = 14.1;
				MTL_ENABLE_DEBUG_INFO = NO;
				MTL_FAST_MATH = YES;
				SDKROOT = iphoneos;
				SWIFT_COMPILATION_MODE = wholemodule;
				SWIFT_ENABLE_BATCH_MODE = NO;
				SWIFT_OPTIMIZATION_LEVEL = "-O";
				VALIDATE_PRODUCT = YES;
			};
			name = Release;
		};
		ED43D36B2562C8B3009D1BA7 /* Debug */ = {
			isa = XCBuildConfiguration;
			baseConfigurationReference = B90B89087C52636376FD8379 /* Pods-PolenApp.debug.xcconfig */;
			buildSettings = {
				ASSETCATALOG_COMPILER_APPICON_NAME = AppIcon;
				ASSETCATALOG_COMPILER_GLOBAL_ACCENT_COLOR_NAME = AccentColor;
				CODE_SIGN_ENTITLEMENTS = PolenApp/PolenApp.entitlements;
				CODE_SIGN_IDENTITY = "Apple Development";
				CODE_SIGN_STYLE = Automatic;
				CURRENT_PROJECT_VERSION = 5;
				DEVELOPMENT_ASSET_PATHS = "\"PolenApp/Preview Content\"";
				DEVELOPMENT_TEAM = 389X9SAV47;
				ENABLE_PREVIEWS = YES;
				INFOPLIST_FILE = PolenApp/Info.plist;
				IPHONEOS_DEPLOYMENT_TARGET = 14.1;
				LD_RUNPATH_SEARCH_PATHS = (
					"$(inherited)",
					"@executable_path/Frameworks",
				);
				PRODUCT_BUNDLE_IDENTIFIER = br.com.Academy.PolenApp;
				PRODUCT_NAME = "$(TARGET_NAME)";
				PROVISIONING_PROFILE_SPECIFIER = "";
				SWIFT_VERSION = 5.0;
				TARGETED_DEVICE_FAMILY = "1,2";
			};
			name = Debug;
		};
		ED43D36C2562C8B3009D1BA7 /* Release */ = {
			isa = XCBuildConfiguration;
			baseConfigurationReference = 21DE411FCDBBA6120BDA7D4B /* Pods-PolenApp.release.xcconfig */;
			buildSettings = {
				ASSETCATALOG_COMPILER_APPICON_NAME = AppIcon;
				ASSETCATALOG_COMPILER_GLOBAL_ACCENT_COLOR_NAME = AccentColor;
				CODE_SIGN_ENTITLEMENTS = PolenApp/PolenApp.entitlements;
				CODE_SIGN_IDENTITY = "Apple Development";
				CODE_SIGN_STYLE = Automatic;
				CURRENT_PROJECT_VERSION = 5;
				DEVELOPMENT_ASSET_PATHS = "\"PolenApp/Preview Content\"";
				DEVELOPMENT_TEAM = 389X9SAV47;
				ENABLE_PREVIEWS = YES;
				INFOPLIST_FILE = PolenApp/Info.plist;
				IPHONEOS_DEPLOYMENT_TARGET = 14.1;
				LD_RUNPATH_SEARCH_PATHS = (
					"$(inherited)",
					"@executable_path/Frameworks",
				);
				PRODUCT_BUNDLE_IDENTIFIER = br.com.Academy.PolenApp;
				PRODUCT_NAME = "$(TARGET_NAME)";
				PROVISIONING_PROFILE_SPECIFIER = "";
				SWIFT_VERSION = 5.0;
				TARGETED_DEVICE_FAMILY = "1,2";
			};
			name = Release;
		};
		ED43D36E2562C8B3009D1BA7 /* Debug */ = {
			isa = XCBuildConfiguration;
			baseConfigurationReference = 3DC2305AA4AA12A0D9B6F401 /* Pods-PolenAppTests.debug.xcconfig */;
			buildSettings = {
				ALWAYS_EMBED_SWIFT_STANDARD_LIBRARIES = YES;
				BUNDLE_LOADER = "$(TEST_HOST)";
				CODE_SIGN_STYLE = Automatic;
				DEVELOPMENT_TEAM = ZX4TR6RXVC;
				INFOPLIST_FILE = PolenAppTests/Info.plist;
				IPHONEOS_DEPLOYMENT_TARGET = 14.1;
				LD_RUNPATH_SEARCH_PATHS = (
					"$(inherited)",
					"@executable_path/Frameworks",
					"@loader_path/Frameworks",
				);
				PRODUCT_BUNDLE_IDENTIFIER = br.com.mirellaalmeida.PolenAppTests;
				PRODUCT_NAME = "$(TARGET_NAME)";
				SWIFT_VERSION = 5.0;
				TARGETED_DEVICE_FAMILY = "1,2";
				TEST_HOST = "$(BUILT_PRODUCTS_DIR)/PolenApp.app/PolenApp";
			};
			name = Debug;
		};
		ED43D36F2562C8B3009D1BA7 /* Release */ = {
			isa = XCBuildConfiguration;
			baseConfigurationReference = AAA837FD8ECFE066B14D2153 /* Pods-PolenAppTests.release.xcconfig */;
			buildSettings = {
				ALWAYS_EMBED_SWIFT_STANDARD_LIBRARIES = YES;
				BUNDLE_LOADER = "$(TEST_HOST)";
				CODE_SIGN_STYLE = Automatic;
				DEVELOPMENT_TEAM = ZX4TR6RXVC;
				INFOPLIST_FILE = PolenAppTests/Info.plist;
				IPHONEOS_DEPLOYMENT_TARGET = 14.1;
				LD_RUNPATH_SEARCH_PATHS = (
					"$(inherited)",
					"@executable_path/Frameworks",
					"@loader_path/Frameworks",
				);
				PRODUCT_BUNDLE_IDENTIFIER = br.com.mirellaalmeida.PolenAppTests;
				PRODUCT_NAME = "$(TARGET_NAME)";
				SWIFT_VERSION = 5.0;
				TARGETED_DEVICE_FAMILY = "1,2";
				TEST_HOST = "$(BUILT_PRODUCTS_DIR)/PolenApp.app/PolenApp";
			};
			name = Release;
		};
		ED43D3712562C8B3009D1BA7 /* Debug */ = {
			isa = XCBuildConfiguration;
			baseConfigurationReference = 75E9AE9BA5DC50432851DFFB /* Pods-PolenApp-PolenAppUITests.debug.xcconfig */;
			buildSettings = {
				ALWAYS_EMBED_SWIFT_STANDARD_LIBRARIES = YES;
				CODE_SIGN_STYLE = Automatic;
				DEVELOPMENT_TEAM = ZX4TR6RXVC;
				INFOPLIST_FILE = PolenAppUITests/Info.plist;
				LD_RUNPATH_SEARCH_PATHS = (
					"$(inherited)",
					"@executable_path/Frameworks",
					"@loader_path/Frameworks",
				);
				PRODUCT_BUNDLE_IDENTIFIER = br.com.mirellaalmeida.PolenAppUITests;
				PRODUCT_NAME = "$(TARGET_NAME)";
				SWIFT_VERSION = 5.0;
				TARGETED_DEVICE_FAMILY = "1,2";
				TEST_TARGET_NAME = PolenApp;
			};
			name = Debug;
		};
		ED43D3722562C8B3009D1BA7 /* Release */ = {
			isa = XCBuildConfiguration;
			baseConfigurationReference = DC82473EF0D392B3DA4E6519 /* Pods-PolenApp-PolenAppUITests.release.xcconfig */;
			buildSettings = {
				ALWAYS_EMBED_SWIFT_STANDARD_LIBRARIES = YES;
				CODE_SIGN_STYLE = Automatic;
				DEVELOPMENT_TEAM = ZX4TR6RXVC;
				INFOPLIST_FILE = PolenAppUITests/Info.plist;
				LD_RUNPATH_SEARCH_PATHS = (
					"$(inherited)",
					"@executable_path/Frameworks",
					"@loader_path/Frameworks",
				);
				PRODUCT_BUNDLE_IDENTIFIER = br.com.mirellaalmeida.PolenAppUITests;
				PRODUCT_NAME = "$(TARGET_NAME)";
				SWIFT_VERSION = 5.0;
				TARGETED_DEVICE_FAMILY = "1,2";
				TEST_TARGET_NAME = PolenApp;
			};
			name = Release;
		};
/* End XCBuildConfiguration section */

/* Begin XCConfigurationList section */
		ED43D3382562C8B1009D1BA7 /* Build configuration list for PBXProject "PolenApp" */ = {
			isa = XCConfigurationList;
			buildConfigurations = (
				ED43D3682562C8B3009D1BA7 /* Debug */,
				ED43D3692562C8B3009D1BA7 /* Release */,
			);
			defaultConfigurationIsVisible = 0;
			defaultConfigurationName = Release;
		};
		ED43D36A2562C8B3009D1BA7 /* Build configuration list for PBXNativeTarget "PolenApp" */ = {
			isa = XCConfigurationList;
			buildConfigurations = (
				ED43D36B2562C8B3009D1BA7 /* Debug */,
				ED43D36C2562C8B3009D1BA7 /* Release */,
			);
			defaultConfigurationIsVisible = 0;
			defaultConfigurationName = Release;
		};
		ED43D36D2562C8B3009D1BA7 /* Build configuration list for PBXNativeTarget "PolenAppTests" */ = {
			isa = XCConfigurationList;
			buildConfigurations = (
				ED43D36E2562C8B3009D1BA7 /* Debug */,
				ED43D36F2562C8B3009D1BA7 /* Release */,
			);
			defaultConfigurationIsVisible = 0;
			defaultConfigurationName = Release;
		};
		ED43D3702562C8B3009D1BA7 /* Build configuration list for PBXNativeTarget "PolenAppUITests" */ = {
			isa = XCConfigurationList;
			buildConfigurations = (
				ED43D3712562C8B3009D1BA7 /* Debug */,
				ED43D3722562C8B3009D1BA7 /* Release */,
			);
			defaultConfigurationIsVisible = 0;
			defaultConfigurationName = Release;
		};
/* End XCConfigurationList section */

/* Begin XCVersionGroup section */
		B47B7FC7257C74B300E5C0B7 /* PolenApp.xcdatamodeld */ = {
			isa = XCVersionGroup;
			children = (
				B4FA7FE4257C7C0400E8B56B /* PolenApp 2.xcdatamodel */,
				B47B7FC8257C74B300E5C0B7 /* PolenApp.xcdatamodel */,
			);
			currentVersion = B47B7FC8257C74B300E5C0B7 /* PolenApp.xcdatamodel */;
			path = PolenApp.xcdatamodeld;
			sourceTree = "<group>";
			versionGroupType = wrapper.xcdatamodel;
		};
/* End XCVersionGroup section */
	};
	rootObject = ED43D3352562C8B1009D1BA7 /* Project object */;
}
